
Microsoft Visual Studio Solution File, Format Version 12.00
# Visual Studio Version 17
VisualStudioVersion = 17.14.36518.9 d17.14
MinimumVisualStudioVersion = 10.0.40219.1
Project("{FAE04EC0-301F-11D3-BF4B-00C04F79EFBC}") = "Not Defteri", "Not Defteri\Not Defteri.csproj", "{0C772A41-67D9-4D7A-86A2-0AFAD0AD7816}"
EndProject
Global
	GlobalSection(SolutionConfigurationPlatforms) = preSolution
		Debug|Any CPU = Debug|Any CPU
		Release|Any CPU = Release|Any CPU
	EndGlobalSection
	GlobalSection(ProjectConfigurationPlatforms) = postSolution
		{0C772A41-67D9-4D7A-86A2-0AFAD0AD7816}.Debug|Any CPU.ActiveCfg = Debug|Any CPU
		{0C772A41-67D9-4D7A-86A2-0AFAD0AD7816}.Debug|Any CPU.Build.0 = Debug|Any CPU
		{0C772A41-67D9-4D7A-86A2-0AFAD0AD7816}.Release|Any CPU.ActiveCfg = Release|Any CPU
		{0C772A41-67D9-4D7A-86A2-0AFAD0AD7816}.Release|Any CPU.Build.0 = Release|Any CPU
	EndGlobalSection
	GlobalSection(SolutionProperties) = preSolution
		HideSolutionNode = FALSE
	EndGlobalSection
	GlobalSection(ExtensibilityGlobals) = postSolution
		SolutionGuid = {63592525-C4FD-46DA-9370-E56E421667B8}
	EndGlobalSection
EndGlobal
